
Microsoft Visual Studio Solution File, Format Version 12.00
# Visual Studio Version 16
VisualStudioVersion = 16.0.31727.386
MinimumVisualStudioVersion = 10.0.40219.1
Project("{FAE04EC0-301F-11D3-BF4B-00C04F79EFBC}") = "Lab2(2)", "Lab2(2)\Lab2(2).csproj", "{E0C6F6CB-E7F3-4F5A-9AE1-E056407D2A6A}"
EndProject
Global
	GlobalSection(SolutionConfigurationPlatforms) = preSolution
		Debug|Any CPU = Debug|Any CPU
		Release|Any CPU = Release|Any CPU
	EndGlobalSection
	GlobalSection(ProjectConfigurationPlatforms) = postSolution
		{E0C6F6CB-E7F3-4F5A-9AE1-E056407D2A6A}.Debug|Any CPU.ActiveCfg = Debug|Any CPU
		{E0C6F6CB-E7F3-4F5A-9AE1-E056407D2A6A}.Debug|Any CPU.Build.0 = Debug|Any CPU
		{E0C6F6CB-E7F3-4F5A-9AE1-E056407D2A6A}.Release|Any CPU.ActiveCfg = Release|Any CPU
		{E0C6F6CB-E7F3-4F5A-9AE1-E056407D2A6A}.Release|Any CPU.Build.0 = Release|Any CPU
	EndGlobalSection
	GlobalSection(SolutionProperties) = preSolution
		HideSolutionNode = FALSE
	EndGlobalSection
	GlobalSection(ExtensibilityGlobals) = postSolution
		SolutionGuid = {3BE41EC5-A5D4-4046-AAB8-945FC98EF2D6}
	EndGlobalSection
EndGlobal
